
Microsoft Visual Studio Solution File, Format Version 12.00
# Visual Studio Version 17
VisualStudioVersion = 17.5.002.0
MinimumVisualStudioVersion = 10.0.40219.1
Project("{9A19103F-16F7-4668-BE54-9A1E7A4F7556}") = "aula02", "aula02\aula02.csproj", "{1562FAF9-8417-4184-93F0-C52C96EBB6EE}"
EndProject
Project("{2150E333-8FDC-42A3-9474-1A3956D46DE8}") = "Atividade_03", "Atividade_03", "{DF51CD9A-7591-430F-BBD7-C750C02C3BC0}"
EndProject
Project("{9A19103F-16F7-4668-BE54-9A1E7A4F7556}") = "Exercicio01", "Atividade_03\Exercicio01\Exercicio01.csproj", "{3C2EA737-0B4F-47EF-8202-FBE33D2DC93B}"
EndProject
Project("{2150E333-8FDC-42A3-9474-1A3956D46DE8}") = "Generics_Examples", "Generics_Examples", "{BDC81834-30EE-4717-8C4F-AD4180F6D719}"
EndProject
Project("{9A19103F-16F7-4668-BE54-9A1E7A4F7556}") = "Exercicio01", "Generics_Examples\Exercicio01\Exercicio01.csproj", "{B40D7038-1EDE-43A0-89B9-ECB96A94AA8C}"
EndProject
Project("{9A19103F-16F7-4668-BE54-9A1E7A4F7556}") = "Exercicio02", "Generics_Examples\Exercicio02\Exercicio02.csproj", "{E511845C-395F-48E4-B9F0-A658983219D8}"
EndProject
Project("{9A19103F-16F7-4668-BE54-9A1E7A4F7556}") = "Exercicio03", "Generics_Examples\Exercicio03\Exercicio03.csproj", "{79AD9C12-9464-40FE-89EC-2C5691307609}"
EndProject
Project("{9A19103F-16F7-4668-BE54-9A1E7A4F7556}") = "Exercicio04", "Generics_Examples\Exercicio04\Exercicio04.csproj", "{2C8AB072-7280-42A4-9DD2-A8DE9E5D3930}"
EndProject
Project("{9A19103F-16F7-4668-BE54-9A1E7A4F7556}") = "Exercicio05", "Generics_Examples\Exercicio05\Exercicio05.csproj", "{890460DF-0F54-4450-AD84-BB2DBBA7397C}"
EndProject
Global
	GlobalSection(SolutionConfigurationPlatforms) = preSolution
		Debug|Any CPU = Debug|Any CPU
		Release|Any CPU = Release|Any CPU
	EndGlobalSection
	GlobalSection(ProjectConfigurationPlatforms) = postSolution
		{1562FAF9-8417-4184-93F0-C52C96EBB6EE}.Debug|Any CPU.ActiveCfg = Debug|Any CPU
		{1562FAF9-8417-4184-93F0-C52C96EBB6EE}.Debug|Any CPU.Build.0 = Debug|Any CPU
		{1562FAF9-8417-4184-93F0-C52C96EBB6EE}.Release|Any CPU.ActiveCfg = Release|Any CPU
		{1562FAF9-8417-4184-93F0-C52C96EBB6EE}.Release|Any CPU.Build.0 = Release|Any CPU
		{3C2EA737-0B4F-47EF-8202-FBE33D2DC93B}.Debug|Any CPU.ActiveCfg = Debug|Any CPU
		{3C2EA737-0B4F-47EF-8202-FBE33D2DC93B}.Debug|Any CPU.Build.0 = Debug|Any CPU
		{3C2EA737-0B4F-47EF-8202-FBE33D2DC93B}.Release|Any CPU.ActiveCfg = Release|Any CPU
		{3C2EA737-0B4F-47EF-8202-FBE33D2DC93B}.Release|Any CPU.Build.0 = Release|Any CPU
		{B40D7038-1EDE-43A0-89B9-ECB96A94AA8C}.Debug|Any CPU.ActiveCfg = Debug|Any CPU
		{B40D7038-1EDE-43A0-89B9-ECB96A94AA8C}.Debug|Any CPU.Build.0 = Debug|Any CPU
		{B40D7038-1EDE-43A0-89B9-ECB96A94AA8C}.Release|Any CPU.ActiveCfg = Release|Any CPU
		{B40D7038-1EDE-43A0-89B9-ECB96A94AA8C}.Release|Any CPU.Build.0 = Release|Any CPU
		{E511845C-395F-48E4-B9F0-A658983219D8}.Debug|Any CPU.ActiveCfg = Debug|Any CPU
		{E511845C-395F-48E4-B9F0-A658983219D8}.Debug|Any CPU.Build.0 = Debug|Any CPU
		{E511845C-395F-48E4-B9F0-A658983219D8}.Release|Any CPU.ActiveCfg = Release|Any CPU
		{E511845C-395F-48E4-B9F0-A658983219D8}.Release|Any CPU.Build.0 = Release|Any CPU
		{79AD9C12-9464-40FE-89EC-2C5691307609}.Debug|Any CPU.ActiveCfg = Debug|Any CPU
		{79AD9C12-9464-40FE-89EC-2C5691307609}.Debug|Any CPU.Build.0 = Debug|Any CPU
		{79AD9C12-9464-40FE-89EC-2C5691307609}.Release|Any CPU.ActiveCfg = Release|Any CPU
		{79AD9C12-9464-40FE-89EC-2C5691307609}.Release|Any CPU.Build.0 = Release|Any CPU
		{2C8AB072-7280-42A4-9DD2-A8DE9E5D3930}.Debug|Any CPU.ActiveCfg = Debug|Any CPU
		{2C8AB072-7280-42A4-9DD2-A8DE9E5D3930}.Debug|Any CPU.Build.0 = Debug|Any CPU
		{2C8AB072-7280-42A4-9DD2-A8DE9E5D3930}.Release|Any CPU.ActiveCfg = Release|Any CPU
		{2C8AB072-7280-42A4-9DD2-A8DE9E5D3930}.Release|Any CPU.Build.0 = Release|Any CPU
		{890460DF-0F54-4450-AD84-BB2DBBA7397C}.Debug|Any CPU.ActiveCfg = Debug|Any CPU
		{890460DF-0F54-4450-AD84-BB2DBBA7397C}.Debug|Any CPU.Build.0 = Debug|Any CPU
		{890460DF-0F54-4450-AD84-BB2DBBA7397C}.Release|Any CPU.ActiveCfg = Release|Any CPU
		{890460DF-0F54-4450-AD84-BB2DBBA7397C}.Release|Any CPU.Build.0 = Release|Any CPU
	EndGlobalSection
	GlobalSection(SolutionProperties) = preSolution
		HideSolutionNode = FALSE
	EndGlobalSection
	GlobalSection(NestedProjects) = preSolution
		{3C2EA737-0B4F-47EF-8202-FBE33D2DC93B} = {DF51CD9A-7591-430F-BBD7-C750C02C3BC0}
		{B40D7038-1EDE-43A0-89B9-ECB96A94AA8C} = {BDC81834-30EE-4717-8C4F-AD4180F6D719}
		{E511845C-395F-48E4-B9F0-A658983219D8} = {BDC81834-30EE-4717-8C4F-AD4180F6D719}
		{79AD9C12-9464-40FE-89EC-2C5691307609} = {BDC81834-30EE-4717-8C4F-AD4180F6D719}
		{2C8AB072-7280-42A4-9DD2-A8DE9E5D3930} = {BDC81834-30EE-4717-8C4F-AD4180F6D719}
		{890460DF-0F54-4450-AD84-BB2DBBA7397C} = {BDC81834-30EE-4717-8C4F-AD4180F6D719}
	EndGlobalSection
	GlobalSection(ExtensibilityGlobals) = postSolution
		SolutionGuid = {BAC1CFD4-DFC2-4067-8A0D-1B3CFB623AF8}
	EndGlobalSection
EndGlobal
